
Microsoft Visual Studio Solution File, Format Version 12.00
# Visual Studio Version 17
VisualStudioVersion = 17.0.32014.148
MinimumVisualStudioVersion = 10.0.40219.1
Project("{9A19103F-16F7-4668-BE54-9A1E7A4F7556}") = "SistemaVentaAngular", "SistemaVentaAngular\SistemaVentaAngular.csproj", "{B04CABB2-39CE-402F-8E5C-2974620CF791}"
EndProject
Project("{FAE04EC0-301F-11D3-BF4B-00C04F79EFBC}") = "Utilidad", "Utilidad\Utilidad.csproj", "{54E8A081-CA8E-4F42-B77B-486C66A82550}"
EndProject
Global
	GlobalSection(SolutionConfigurationPlatforms) = preSolution
		Debug|Any CPU = Debug|Any CPU
		Release|Any CPU = Release|Any CPU
	EndGlobalSection
	GlobalSection(ProjectConfigurationPlatforms) = postSolution
		{B04CABB2-39CE-402F-8E5C-2974620CF791}.Debug|Any CPU.ActiveCfg = Debug|Any CPU
		{B04CABB2-39CE-402F-8E5C-2974620CF791}.Debug|Any CPU.Build.0 = Debug|Any CPU
		{B04CABB2-39CE-402F-8E5C-2974620CF791}.Release|Any CPU.ActiveCfg = Release|Any CPU
		{B04CABB2-39CE-402F-8E5C-2974620CF791}.Release|Any CPU.Build.0 = Release|Any CPU
		{54E8A081-CA8E-4F42-B77B-486C66A82550}.Debug|Any CPU.ActiveCfg = Debug|Any CPU
		{54E8A081-CA8E-4F42-B77B-486C66A82550}.Debug|Any CPU.Build.0 = Debug|Any CPU
		{54E8A081-CA8E-4F42-B77B-486C66A82550}.Release|Any CPU.ActiveCfg = Release|Any CPU
		{54E8A081-CA8E-4F42-B77B-486C66A82550}.Release|Any CPU.Build.0 = Release|Any CPU
	EndGlobalSection
	GlobalSection(SolutionProperties) = preSolution
		HideSolutionNode = FALSE
	EndGlobalSection
	GlobalSection(ExtensibilityGlobals) = postSolution
		SolutionGuid = {0F340528-A461-4F2B-9143-1F768B4396F1}
	EndGlobalSection
EndGlobal
